
Microsoft Visual Studio Solution File, Format Version 12.00
# Visual Studio Version 17
VisualStudioVersion = 17.9.34622.214
MinimumVisualStudioVersion = 10.0.40219.1
Project("{FAE04EC0-301F-11D3-BF4B-00C04F79EFBC}") = "WebScrappersApplication", "WebScrappersApplication.csproj", "{F169CF17-5FFC-4508-BED1-C5CCF8601626}"
EndProject
Global
	GlobalSection(SolutionConfigurationPlatforms) = preSolution
		Debug|Any CPU = Debug|Any CPU
		Release|Any CPU = Release|Any CPU
	EndGlobalSection
	GlobalSection(ProjectConfigurationPlatforms) = postSolution
		{F169CF17-5FFC-4508-BED1-C5CCF8601626}.Debug|Any CPU.ActiveCfg = Debug|Any CPU
		{F169CF17-5FFC-4508-BED1-C5CCF8601626}.Debug|Any CPU.Build.0 = Debug|Any CPU
		{F169CF17-5FFC-4508-BED1-C5CCF8601626}.Release|Any CPU.ActiveCfg = Release|Any CPU
		{F169CF17-5FFC-4508-BED1-C5CCF8601626}.Release|Any CPU.Build.0 = Release|Any CPU
	EndGlobalSection
	GlobalSection(SolutionProperties) = preSolution
		HideSolutionNode = FALSE
	EndGlobalSection
	GlobalSection(ExtensibilityGlobals) = postSolution
		SolutionGuid = {8043D647-327A-440C-871E-0F2CA87C1D82}
	EndGlobalSection
EndGlobal
